
Microsoft Visual Studio Solution File, Format Version 12.00
# Visual Studio Version 16
VisualStudioVersion = 16.0.32002.261
MinimumVisualStudioVersion = 10.0.40219.1
Project("{F184B08F-C81C-45F6-A57F-5ABD9991F28F}") = "RollTheDice", "RollTheDice\RollTheDice.vbproj", "{51B6C0D1-9AF8-41CC-AAB4-56147AF1D2F5}"
EndProject
Global
	GlobalSection(SolutionConfigurationPlatforms) = preSolution
		Debug|Any CPU = Debug|Any CPU
		Release|Any CPU = Release|Any CPU
	EndGlobalSection
	GlobalSection(ProjectConfigurationPlatforms) = postSolution
		{51B6C0D1-9AF8-41CC-AAB4-56147AF1D2F5}.Debug|Any CPU.ActiveCfg = Debug|Any CPU
		{51B6C0D1-9AF8-41CC-AAB4-56147AF1D2F5}.Debug|Any CPU.Build.0 = Debug|Any CPU
		{51B6C0D1-9AF8-41CC-AAB4-56147AF1D2F5}.Release|Any CPU.ActiveCfg = Release|Any CPU
		{51B6C0D1-9AF8-41CC-AAB4-56147AF1D2F5}.Release|Any CPU.Build.0 = Release|Any CPU
	EndGlobalSection
	GlobalSection(SolutionProperties) = preSolution
		HideSolutionNode = FALSE
	EndGlobalSection
	GlobalSection(ExtensibilityGlobals) = postSolution
		SolutionGuid = {F8FECB2F-AF1C-47B6-9B27-B03BE9A6D1BB}
	EndGlobalSection
EndGlobal
